
Microsoft Visual Studio Solution File, Format Version 12.00
# Visual Studio 15
VisualStudioVersion = 15.0.27130.2027
MinimumVisualStudioVersion = 10.0.40219.1
Project("{9A19103F-16F7-4668-BE54-9A1E7A4F7556}") = "Narato.ServiceFabric", "src\Narato.ServiceFabric\Narato.ServiceFabric.csproj", "{E0B0EF80-E749-4FB3-A369-6F46CB0B0B9F}"
EndProject
Project("{9A19103F-16F7-4668-BE54-9A1E7A4F7556}") = "Narato.ServiceFabric.Integrationtests", "Narato.ServiceFabric.Integrationtests\Narato.ServiceFabric.Integrationtests.csproj", "{CDB0E59E-2B48-4408-9144-865199A1E981}"
EndProject
Project("{FAE04EC0-301F-11D3-BF4B-00C04F79EFBC}") = "Narato.ServiceFabric.API", "Narato.ServiceFabric.API\Narato.ServiceFabric.API.csproj", "{DE6464E4-6906-4690-BABE-BFAECE4BBAFC}"
EndProject
Global
	GlobalSection(SolutionConfigurationPlatforms) = preSolution
		Debug|Any CPU = Debug|Any CPU
		Release|Any CPU = Release|Any CPU
	EndGlobalSection
	GlobalSection(ProjectConfigurationPlatforms) = postSolution
		{E0B0EF80-E749-4FB3-A369-6F46CB0B0B9F}.Debug|Any CPU.ActiveCfg = Debug|Any CPU
		{E0B0EF80-E749-4FB3-A369-6F46CB0B0B9F}.Debug|Any CPU.Build.0 = Debug|Any CPU
		{E0B0EF80-E749-4FB3-A369-6F46CB0B0B9F}.Release|Any CPU.ActiveCfg = Release|Any CPU
		{E0B0EF80-E749-4FB3-A369-6F46CB0B0B9F}.Release|Any CPU.Build.0 = Release|Any CPU
		{CDB0E59E-2B48-4408-9144-865199A1E981}.Debug|Any CPU.ActiveCfg = Debug|Any CPU
		{CDB0E59E-2B48-4408-9144-865199A1E981}.Debug|Any CPU.Build.0 = Debug|Any CPU
		{CDB0E59E-2B48-4408-9144-865199A1E981}.Release|Any CPU.ActiveCfg = Release|Any CPU
		{CDB0E59E-2B48-4408-9144-865199A1E981}.Release|Any CPU.Build.0 = Release|Any CPU
		{DE6464E4-6906-4690-BABE-BFAECE4BBAFC}.Debug|Any CPU.ActiveCfg = Debug|Any CPU
		{DE6464E4-6906-4690-BABE-BFAECE4BBAFC}.Debug|Any CPU.Build.0 = Debug|Any CPU
		{DE6464E4-6906-4690-BABE-BFAECE4BBAFC}.Release|Any CPU.ActiveCfg = Release|Any CPU
		{DE6464E4-6906-4690-BABE-BFAECE4BBAFC}.Release|Any CPU.Build.0 = Release|Any CPU
	EndGlobalSection
	GlobalSection(SolutionProperties) = preSolution
		HideSolutionNode = FALSE
	EndGlobalSection
	GlobalSection(ExtensibilityGlobals) = postSolution
		SolutionGuid = {226FC6DA-2931-4354-B4F1-774D4BCA1287}
	EndGlobalSection
EndGlobal
